// !$*UTF8*$!
{
	archiveVersion = 1;
	classes = {
	};
	objectVersion = 50;
	objects = {

/* Begin PBXBuildFile section */
		1E0FC65021D901F100F59326 /* AppDelegate.swift in Sources */ = {isa = PBXBuildFile; fileRef = 1E0FC64F21D901F100F59326 /* AppDelegate.swift */; };
		1E0FC65521D901F100F59326 /* Main.storyboard in Resources */ = {isa = PBXBuildFile; fileRef = 1E0FC65321D901F100F59326 /* Main.storyboard */; };
		1E0FC65721D901F500F59326 /* Assets.xcassets in Resources */ = {isa = PBXBuildFile; fileRef = 1E0FC65621D901F500F59326 /* Assets.xcassets */; };
		1E0FC65A21D901F500F59326 /* LaunchScreen.storyboard in Resources */ = {isa = PBXBuildFile; fileRef = 1E0FC65821D901F500F59326 /* LaunchScreen.storyboard */; };
		1E0FC66221D90BC500F59326 /* TableauController.swift in Sources */ = {isa = PBXBuildFile; fileRef = 1E0FC66121D90BC500F59326 /* TableauController.swift */; };
		1E0FC66421D90F6E00F59326 /* Chanson.swift in Sources */ = {isa = PBXBuildFile; fileRef = 1E0FC66321D90F6D00F59326 /* Chanson.swift */; };
		1E0FC66621DA7CE800F59326 /* ChansonCell.swift in Sources */ = {isa = PBXBuildFile; fileRef = 1E0FC66521DA7CE800F59326 /* ChansonCell.swift */; };
		1E0FC66821DE254000F59326 /* VideoController.swift in Sources */ = {isa = PBXBuildFile; fileRef = 1E0FC66721DE254000F59326 /* VideoController.swift */; };
/* End PBXBuildFile section */

/* Begin PBXFileReference section */
		1E0FC64C21D901F100F59326 /* Lecteur youtube.app */ = {isa = PBXFileReference; explicitFileType = wrapper.application; includeInIndex = 0; path = "Lecteur youtube.app"; sourceTree = BUILT_PRODUCTS_DIR; };
		1E0FC64F21D901F100F59326 /* AppDelegate.swift */ = {isa = PBXFileReference; lastKnownFileType = sourcecode.swift; path = AppDelegate.swift; sourceTree = "<group>"; };
		1E0FC65421D901F100F59326 /* Base */ = {isa = PBXFileReference; lastKnownFileType = file.storyboard; name = Base; path = Base.lproj/Main.storyboard; sourceTree = "<group>"; };
		1E0FC65621D901F500F59326 /* Assets.xcassets */ = {isa = PBXFileReference; lastKnownFileType = folder.assetcatalog; path = Assets.xcassets; sourceTree = "<group>"; };
		1E0FC65921D901F500F59326 /* Base */ = {isa = PBXFileReference; lastKnownFileType = file.storyboard; name = Base; path = Base.lproj/LaunchScreen.storyboard; sourceTree = "<group>"; };
		1E0FC65B21D901F500F59326 /* Info.plist */ = {isa = PBXFileReference; lastKnownFileType = text.plist.xml; path = Info.plist; sourceTree = "<group>"; };
		1E0FC66121D90BC500F59326 /* TableauController.swift */ = {isa = PBXFileReference; lastKnownFileType = sourcecode.swift; path = TableauController.swift; sourceTree = "<group>"; };
		1E0FC66321D90F6D00F59326 /* Chanson.swift */ = {isa = PBXFileReference; fileEncoding = 4; lastKnownFileType = sourcecode.swift; path = Chanson.swift; sourceTree = SOURCE_ROOT; };
		1E0FC66521DA7CE800F59326 /* ChansonCell.swift */ = {isa = PBXFileReference; lastKnownFileType = sourcecode.swift; path = ChansonCell.swift; sourceTree = "<group>"; };
		1E0FC66721DE254000F59326 /* VideoController.swift */ = {isa = PBXFileReference; lastKnownFileType = sourcecode.swift; path = VideoController.swift; sourceTree = "<group>"; };
/* End PBXFileReference section */

/* Begin PBXFrameworksBuildPhase section */
		1E0FC64921D901F100F59326 /* Frameworks */ = {
			isa = PBXFrameworksBuildPhase;
			buildActionMask = 2147483647;
			files = (
			);
			runOnlyForDeploymentPostprocessing = 0;
		};
/* End PBXFrameworksBuildPhase section */

/* Begin PBXGroup section */
		1E0FC64321D901F000F59326 = {
			isa = PBXGroup;
			children = (
				1E0FC64E21D901F100F59326 /* Lecteur youtube */,
				1E0FC64D21D901F100F59326 /* Products */,
			);
			sourceTree = "<group>";
		};
		1E0FC64D21D901F100F59326 /* Products */ = {
			isa = PBXGroup;
			children = (
				1E0FC64C21D901F100F59326 /* Lecteur youtube.app */,
			);
			name = Products;
			sourceTree = "<group>";
		};
		1E0FC64E21D901F100F59326 /* Lecteur youtube */ = {
			isa = PBXGroup;
			children = (
				1E0FC64F21D901F100F59326 /* AppDelegate.swift */,
				1E0FC66121D90BC500F59326 /* TableauController.swift */,
				1E0FC65321D901F100F59326 /* Main.storyboard */,
				1E0FC65621D901F500F59326 /* Assets.xcassets */,
				1E0FC66321D90F6D00F59326 /* Chanson.swift */,
				1E0FC65821D901F500F59326 /* LaunchScreen.storyboard */,
				1E0FC65B21D901F500F59326 /* Info.plist */,
				1E0FC66521DA7CE800F59326 /* ChansonCell.swift */,
				1E0FC66721DE254000F59326 /* VideoController.swift */,
			);
			path = "Lecteur youtube";
			sourceTree = "<group>";
		};
/* End PBXGroup section */

/* Begin PBXNativeTarget section */
		1E0FC64B21D901F100F59326 /* Lecteur youtube */ = {
			isa = PBXNativeTarget;
			buildConfigurationList = 1E0FC65E21D901F500F59326 /* Build configuration list for PBXNativeTarget "Lecteur youtube" */;
			buildPhases = (
				1E0FC64821D901F100F59326 /* Sources */,
				1E0FC64921D901F100F59326 /* Frameworks */,
				1E0FC64A21D901F100F59326 /* Resources */,
			);
			buildRules = (
			);
			dependencies = (
			);
			name = "Lecteur youtube";
			productName = "Lecteur youtube";
			productReference = 1E0FC64C21D901F100F59326 /* Lecteur youtube.app */;
			productType = "com.apple.product-type.application";
		};
/* End PBXNativeTarget section */

/* Begin PBXProject section */
		1E0FC64421D901F000F59326 /* Project object */ = {
			isa = PBXProject;
			attributes = {
				LastSwiftUpdateCheck = 1010;
				LastUpgradeCheck = 1010;
				ORGANIZATIONNAME = "bernardot vivien";
				TargetAttributes = {
					1E0FC64B21D901F100F59326 = {
						CreatedOnToolsVersion = 10.1;
					};
				};
			};
			buildConfigurationList = 1E0FC64721D901F000F59326 /* Build configuration list for PBXProject "Lecteur youtube" */;
			compatibilityVersion = "Xcode 9.3";
			developmentRegion = en;
			hasScannedForEncodings = 0;
			knownRegions = (
				en,
				Base,
			);
			mainGroup = 1E0FC64321D901F000F59326;
			productRefGroup = 1E0FC64D21D901F100F59326 /* Products */;
			projectDirPath = "";
			projectRoot = "";
			targets = (
				1E0FC64B21D901F100F59326 /* Lecteur youtube */,
			);
		};
/* End PBXProject section */

/* Begin PBXResourcesBuildPhase section */
		1E0FC64A21D901F100F59326 /* Resources */ = {
			isa = PBXResourcesBuildPhase;
			buildActionMask = 2147483647;
			files = (
				1E0FC65A21D901F500F59326 /* LaunchScreen.storyboard in Resources */,
				1E0FC65721D901F500F59326 /* Assets.xcassets in Resources */,
				1E0FC65521D901F100F59326 /* Main.storyboard in Resources */,
			);
			runOnlyForDeploymentPostprocessing = 0;
		};
/* End PBXResourcesBuildPhase section */

/* Begin PBXSourcesBuildPhase section */
		1E0FC64821D901F100F59326 /* Sources */ = {
			isa = PBXSourcesBuildPhase;
			buildActionMask = 2147483647;
			files = (
				1E0FC66821DE254000F59326 /* VideoController.swift in Sources */,
				1E0FC66221D90BC500F59326 /* TableauController.swift in Sources */,
				1E0FC65021D901F100F59326 /* AppDelegate.swift in Sources */,
				1E0FC66621DA7CE800F59326 /* ChansonCell.swift in Sources */,
				1E0FC66421D90F6E00F59326 /* Chanson.swift in Sources */,
			);
			runOnlyForDeploymentPostprocessing = 0;
		};
/* End PBXSourcesBuildPhase section */

/* Begin PBXVariantGroup section */
		1E0FC65321D901F100F59326 /* Main.storyboard */ = {
			isa = PBXVariantGroup;
			children = (
				1E0FC65421D901F100F59326 /* Base */,
			);
			name = Main.storyboard;
			sourceTree = "<group>";
		};
		1E0FC65821D901F500F59326 /* LaunchScreen.storyboard */ = {
			isa = PBXVariantGroup;
			children = (
				1E0FC65921D901F500F59326 /* Base */,
			);
			name = LaunchScreen.storyboard;
			sourceTree = "<group>";
		};
/* End PBXVariantGroup section */

/* Begin XCBuildConfiguration section */
		1E0FC65C21D901F500F59326 /* Debug */ = {
			isa = XCBuildConfiguration;
			buildSettings = {
				ALWAYS_SEARCH_USER_PATHS = NO;
				CLANG_ANALYZER_NONNULL = YES;
				CLANG_ANALYZER_NUMBER_OBJECT_CONVERSION = YES_AGGRESSIVE;
				CLANG_CXX_LANGUAGE_STANDARD = "gnu++14";
				CLANG_CXX_LIBRARY = "libc++";
				CLANG_ENABLE_MODULES = YES;
				CLANG_ENABLE_OBJC_ARC = YES;
				CLANG_ENABLE_OBJC_WEAK = YES;
				CLANG_WARN_BLOCK_CAPTURE_AUTORELEASING = YES;
				CLANG_WARN_BOOL_CONVERSION = YES;
				CLANG_WARN_COMMA = YES;
				CLANG_WARN_CONSTANT_CONVERSION = YES;
				CLANG_WARN_DEPRECATED_OBJC_IMPLEMENTATIONS = YES;
				CLANG_WARN_DIRECT_OBJC_ISA_USAGE = YES_ERROR;
				CLANG_WARN_DOCUMENTATION_COMMENTS = YES;
				CLANG_WARN_EMPTY_BODY = YES;
				CLANG_WARN_ENUM_CONVERSION = YES;
				CLANG_WARN_INFINITE_RECURSION = YES;
				CLANG_WARN_INT_CONVERSION = YES;
				CLANG_WARN_NON_LITERAL_NULL_CONVERSION = YES;
				CLANG_WARN_OBJC_IMPLICIT_RETAIN_SELF = YES;
				CLANG_WARN_OBJC_LITERAL_CONVERSION = YES;
				CLANG_WARN_OBJC_ROOT_CLASS = YES_ERROR;
				CLANG_WARN_RANGE_LOOP_ANALYSIS = YES;
				CLANG_WARN_STRICT_PROTOTYPES = YES;
				CLANG_WARN_SUSPICIOUS_MOVE = YES;
				CLANG_WARN_UNGUARDED_AVAILABILITY = YES_AGGRESSIVE;
				CLANG_WARN_UNREACHABLE_CODE = YES;
				CLANG_WARN__DUPLICATE_METHOD_MATCH = YES;
				CODE_SIGN_IDENTITY = "iPhone Developer";
				COPY_PHASE_STRIP = NO;
				DEBUG_INFORMATION_FORMAT = dwarf;
				ENABLE_STRICT_OBJC_MSGSEND = YES;
				ENABLE_TESTABILITY = YES;
				GCC_C_LANGUAGE_STANDARD = gnu11;
				GCC_DYNAMIC_NO_PIC = NO;
				GCC_NO_COMMON_BLOCKS = YES;
				GCC_OPTIMIZATION_LEVEL = 0;
				GCC_PREPROCESSOR_DEFINITIONS = (
					"DEBUG=1",
					"$(inherited)",
				);
				GCC_WARN_64_TO_32_BIT_CONVERSION = YES;
				GCC_WARN_ABOUT_RETURN_TYPE = YES_ERROR;
				GCC_WARN_UNDECLARED_SELECTOR = YES;
				GCC_WARN_UNINITIALIZED_AUTOS = YES_AGGRESSIVE;
				GCC_WARN_UNUSED_FUNCTION = YES;
				GCC_WARN_UNUSED_VARIABLE = YES;
				IPHONEOS_DEPLOYMENT_TARGET = 12.1;
				MTL_ENABLE_DEBUG_INFO = INCLUDE_SOURCE;
				MTL_FAST_MATH = YES;
				ONLY_ACTIVE_ARCH = YES;
				SDKROOT = iphoneos;
				SWIFT_ACTIVE_COMPILATION_CONDITIONS = DEBUG;
				SWIFT_OPTIMIZATION_LEVEL = "-Onone";
			};
			name = Debug;
		};
		1E0FC65D21D901F500F59326 /* Release */ = {
			isa = XCBuildConfiguration;
			buildSettings = {
				ALWAYS_SEARCH_USER_PATHS = NO;
				CLANG_ANALYZER_NONNULL = YES;
				CLANG_ANALYZER_NUMBER_OBJECT_CONVERSION = YES_AGGRESSIVE;
				CLANG_CXX_LANGUAGE_STANDARD = "gnu++14";
				CLANG_CXX_LIBRARY = "libc++";
				CLANG_ENABLE_MODULES = YES;
				CLANG_ENABLE_OBJC_ARC = YES;
				CLANG_ENABLE_OBJC_WEAK = YES;
				CLANG_WARN_BLOCK_CAPTURE_AUTORELEASING = YES;
				CLANG_WARN_BOOL_CONVERSION = YES;
				CLANG_WARN_COMMA = YES;
				CLANG_WARN_CONSTANT_CONVERSION = YES;
				CLANG_WARN_DEPRECATED_OBJC_IMPLEMENTATIONS = YES;
				CLANG_WARN_DIRECT_OBJC_ISA_USAGE = YES_ERROR;
				CLANG_WARN_DOCUMENTATION_COMMENTS = YES;
				CLANG_WARN_EMPTY_BODY = YES;
				CLANG_WARN_ENUM_CONVERSION = YES;
				CLANG_WARN_INFINITE_RECURSION = YES;
				CLANG_WARN_INT_CONVERSION = YES;
				CLANG_WARN_NON_LITERAL_NULL_CONVERSION = YES;
				CLANG_WARN_OBJC_IMPLICIT_RETAIN_SELF = YES;
				CLANG_WARN_OBJC_LITERAL_CONVERSION = YES;
				CLANG_WARN_OBJC_ROOT_CLASS = YES_ERROR;
				CLANG_WARN_RANGE_LOOP_ANALYSIS = YES;
				CLANG_WARN_STRICT_PROTOTYPES = YES;
				CLANG_WARN_SUSPICIOUS_MOVE = YES;
				CLANG_WARN_UNGUARDED_AVAILABILITY = YES_AGGRESSIVE;
				CLANG_WARN_UNREACHABLE_CODE = YES;
				CLANG_WARN__DUPLICATE_METHOD_MATCH = YES;
				CODE_SIGN_IDENTITY = "iPhone Developer";
				COPY_PHASE_STRIP = NO;
				DEBUG_INFORMATION_FORMAT = "dwarf-with-dsym";
				ENABLE_NS_ASSERTIONS = NO;
				ENABLE_STRICT_OBJC_MSGSEND = YES;
				GCC_C_LANGUAGE_STANDARD = gnu11;
				GCC_NO_COMMON_BLOCKS = YES;
				GCC_WARN_64_TO_32_BIT_CONVERSION = YES;
				GCC_WARN_ABOUT_RETURN_TYPE = YES_ERROR;
				GCC_WARN_UNDECLARED_SELECTOR = YES;
				GCC_WARN_UNINITIALIZED_AUTOS = YES_AGGRESSIVE;
				GCC_WARN_UNUSED_FUNCTION = YES;
				GCC_WARN_UNUSED_VARIABLE = YES;
				IPHONEOS_DEPLOYMENT_TARGET = 12.1;
				MTL_ENABLE_DEBUG_INFO = NO;
				MTL_FAST_MATH = YES;
				SDKROOT = iphoneos;
				SWIFT_COMPILATION_MODE = wholemodule;
				SWIFT_OPTIMIZATION_LEVEL = "-O";
				VALIDATE_PRODUCT = YES;
			};
			name = Release;
		};
		1E0FC65F21D901F500F59326 /* Debug */ = {
			isa = XCBuildConfiguration;
			buildSettings = {
				ASSETCATALOG_COMPILER_APPICON_NAME = AppIcon;
				CODE_SIGN_STYLE = Automatic;
				DEVELOPMENT_TEAM = R82YY53Y8V;
				INFOPLIST_FILE = "Lecteur youtube/Info.plist";
				LD_RUNPATH_SEARCH_PATHS = (
					"$(inherited)",
					"@executable_path/Frameworks",
				);
				PRODUCT_BUNDLE_IDENTIFIER = "fr.benardotvivien.Lecteur-youtube";
				PRODUCT_NAME = "$(TARGET_NAME)";
				SWIFT_VERSION = 4.2;
				TARGETED_DEVICE_FAMILY = "1,2";
			};
			name = Debug;
		};
		1E0FC66021D901F500F59326 /* Release */ = {
			isa = XCBuildConfiguration;
			buildSettings = {
				ASSETCATALOG_COMPILER_APPICON_NAME = AppIcon;
				CODE_SIGN_STYLE = Automatic;
				DEVELOPMENT_TEAM = R82YY53Y8V;
				INFOPLIST_FILE = "Lecteur youtube/Info.plist";
				LD_RUNPATH_SEARCH_PATHS = (
					"$(inherited)",
					"@executable_path/Frameworks",
				);
				PRODUCT_BUNDLE_IDENTIFIER = "fr.benardotvivien.Lecteur-youtube";
				PRODUCT_NAME = "$(TARGET_NAME)";
				SWIFT_VERSION = 4.2;
				TARGETED_DEVICE_FAMILY = "1,2";
			};
			name = Release;
		};
/* End XCBuildConfiguration section */

/* Begin XCConfigurationList section */
		1E0FC64721D901F000F59326 /* Build configuration list for PBXProject "Lecteur youtube" */ = {
			isa = XCConfigurationList;
			buildConfigurations = (
				1E0FC65C21D901F500F59326 /* Debug */,
				1E0FC65D21D901F500F59326 /* Release */,
			);
			defaultConfigurationIsVisible = 0;
			defaultConfigurationName = Release;
		};
		1E0FC65E21D901F500F59326 /* Build configuration list for PBXNativeTarget "Lecteur youtube" */ = {
			isa = XCConfigurationList;
			buildConfigurations = (
				1E0FC65F21D901F500F59326 /* Debug */,
				1E0FC66021D901F500F59326 /* Release */,
			);
			defaultConfigurationIsVisible = 0;
			defaultConfigurationName = Release;
		};
/* End XCConfigurationList section */
	};
	rootObject = 1E0FC64421D901F000F59326 /* Project object */;
}
